// !$*UTF8*$!
{
	archiveVersion = 1;
	classes = {
	};
	objectVersion = 48;
	objects = {

/* Begin PBXBuildFile section */
		60306C601F9DF530003CF5B1 /* simple.c in Sources */ = {isa = PBXBuildFile; fileRef = 60306C5F1F9DF530003CF5B1 /* simple.c */; };
		6070F1091F9D1A8F000FCE51 /* main.c in Sources */ = {isa = PBXBuildFile; fileRef = 6070F1081F9D1A8F000FCE51 /* main.c */; };
		6070F1111F9D1B08000FCE51 /* greetings.c in Sources */ = {isa = PBXBuildFile; fileRef = 6070F1101F9D1B08000FCE51 /* greetings.c */; };
/* End PBXBuildFile section */

/* Begin PBXCopyFilesBuildPhase section */
		6070F1031F9D1A8F000FCE51 /* CopyFiles */ = {
			isa = PBXCopyFilesBuildPhase;
			buildActionMask = 2147483647;
			dstPath = /usr/share/man/man1/;
			dstSubfolderSpec = 0;
			files = (
			);
			runOnlyForDeploymentPostprocessing = 1;
		};
/* End PBXCopyFilesBuildPhase section */

/* Begin PBXFileReference section */
		60306C5E1F9DF530003CF5B1 /* simple.h */ = {isa = PBXFileReference; lastKnownFileType = sourcecode.c.h; path = simple.h; sourceTree = "<group>"; };
		60306C5F1F9DF530003CF5B1 /* simple.c */ = {isa = PBXFileReference; lastKnownFileType = sourcecode.c.c; path = simple.c; sourceTree = "<group>"; };
		60306C621F9DF7E4003CF5B1 /* simple_private.h */ = {isa = PBXFileReference; lastKnownFileType = sourcecode.c.h; path = simple_private.h; sourceTree = "<group>"; };
		60306C631F9E0362003CF5B1 /* CONST.h */ = {isa = PBXFileReference; lastKnownFileType = sourcecode.c.h; path = CONST.h; sourceTree = "<group>"; };
		6070F1051F9D1A8F000FCE51 /* IntroLabs */ = {isa = PBXFileReference; explicitFileType = "compiled.mach-o.executable"; includeInIndex = 0; path = IntroLabs; sourceTree = BUILT_PRODUCTS_DIR; };
		6070F1081F9D1A8F000FCE51 /* main.c */ = {isa = PBXFileReference; lastKnownFileType = sourcecode.c.c; path = main.c; sourceTree = "<group>"; };
		6070F10F1F9D1B08000FCE51 /* greetings.h */ = {isa = PBXFileReference; lastKnownFileType = sourcecode.c.h; path = greetings.h; sourceTree = "<group>"; };
		6070F1101F9D1B08000FCE51 /* greetings.c */ = {isa = PBXFileReference; lastKnownFileType = sourcecode.c.c; path = greetings.c; sourceTree = "<group>"; };
/* End PBXFileReference section */

/* Begin PBXFrameworksBuildPhase section */
		6070F1021F9D1A8F000FCE51 /* Frameworks */ = {
			isa = PBXFrameworksBuildPhase;
			buildActionMask = 2147483647;
			files = (
			);
			runOnlyForDeploymentPostprocessing = 0;
		};
/* End PBXFrameworksBuildPhase section */

/* Begin PBXGroup section */
		6070F0FC1F9D1A8F000FCE51 = {
			isa = PBXGroup;
			children = (
				6070F1071F9D1A8F000FCE51 /* IntroLabs */,
				6070F1061F9D1A8F000FCE51 /* Products */,
			);
			sourceTree = "<group>";
		};
		6070F1061F9D1A8F000FCE51 /* Products */ = {
			isa = PBXGroup;
			children = (
				6070F1051F9D1A8F000FCE51 /* IntroLabs */,
			);
			name = Products;
			sourceTree = "<group>";
		};
		6070F1071F9D1A8F000FCE51 /* IntroLabs */ = {
			isa = PBXGroup;
			children = (
				6070F1081F9D1A8F000FCE51 /* main.c */,
				6070F10F1F9D1B08000FCE51 /* greetings.h */,
				6070F1101F9D1B08000FCE51 /* greetings.c */,
				60306C5E1F9DF530003CF5B1 /* simple.h */,
				60306C5F1F9DF530003CF5B1 /* simple.c */,
				60306C621F9DF7E4003CF5B1 /* simple_private.h */,
				60306C631F9E0362003CF5B1 /* CONST.h */,
			);
			path = IntroLabs;
			sourceTree = "<group>";
		};
/* End PBXGroup section */

/* Begin PBXNativeTarget section */
		6070F1041F9D1A8F000FCE51 /* IntroLabs */ = {
			isa = PBXNativeTarget;
			buildConfigurationList = 6070F10C1F9D1A8F000FCE51 /* Build configuration list for PBXNativeTarget "IntroLabs" */;
			buildPhases = (
				6070F1011F9D1A8F000FCE51 /* Sources */,
				6070F1021F9D1A8F000FCE51 /* Frameworks */,
				6070F1031F9D1A8F000FCE51 /* CopyFiles */,
			);
			buildRules = (
			);
			dependencies = (
			);
			name = IntroLabs;
			productName = IntroLabs;
			productReference = 6070F1051F9D1A8F000FCE51 /* IntroLabs */;
			productType = "com.apple.product-type.tool";
		};
/* End PBXNativeTarget section */

/* Begin PBXProject section */
		6070F0FD1F9D1A8F000FCE51 /* Project object */ = {
			isa = PBXProject;
			attributes = {
				LastUpgradeCheck = 0900;
				ORGANIZATIONNAME = "Mieszko Wawrzyniak";
				TargetAttributes = {
					6070F1041F9D1A8F000FCE51 = {
						CreatedOnToolsVersion = 9.0.1;
						ProvisioningStyle = Automatic;
					};
				};
			};
			buildConfigurationList = 6070F1001F9D1A8F000FCE51 /* Build configuration list for PBXProject "IntroLabs" */;
			compatibilityVersion = "Xcode 8.0";
			developmentRegion = en;
			hasScannedForEncodings = 0;
			knownRegions = (
				en,
			);
			mainGroup = 6070F0FC1F9D1A8F000FCE51;
			productRefGroup = 6070F1061F9D1A8F000FCE51 /* Products */;
			projectDirPath = "";
			projectRoot = "";
			targets = (
				6070F1041F9D1A8F000FCE51 /* IntroLabs */,
			);
		};
/* End PBXProject section */

/* Begin PBXSourcesBuildPhase section */
		6070F1011F9D1A8F000FCE51 /* Sources */ = {
			isa = PBXSourcesBuildPhase;
			buildActionMask = 2147483647;
			files = (
				6070F1111F9D1B08000FCE51 /* greetings.c in Sources */,
				6070F1091F9D1A8F000FCE51 /* main.c in Sources */,
				60306C601F9DF530003CF5B1 /* simple.c in Sources */,
			);
			runOnlyForDeploymentPostprocessing = 0;
		};
/* End PBXSourcesBuildPhase section */

/* Begin XCBuildConfiguration section */
		6070F10A1F9D1A8F000FCE51 /* Debug */ = {
			isa = XCBuildConfiguration;
			buildSettings = {
				ALWAYS_SEARCH_USER_PATHS = NO;
				CLANG_ANALYZER_NONNULL = YES;
				CLANG_ANALYZER_NUMBER_OBJECT_CONVERSION = YES_AGGRESSIVE;
				CLANG_CXX_LANGUAGE_STANDARD = "gnu++14";
				CLANG_CXX_LIBRARY = "libc++";
				CLANG_ENABLE_MODULES = YES;
				CLANG_ENABLE_OBJC_ARC = YES;
				CLANG_WARN_BLOCK_CAPTURE_AUTORELEASING = YES;
				CLANG_WARN_BOOL_CONVERSION = YES;
				CLANG_WARN_COMMA = YES;
				CLANG_WARN_CONSTANT_CONVERSION = YES;
				CLANG_WARN_DIRECT_OBJC_ISA_USAGE = YES_ERROR;
				CLANG_WARN_DOCUMENTATION_COMMENTS = YES;
				CLANG_WARN_EMPTY_BODY = YES;
				CLANG_WARN_ENUM_CONVERSION = YES;
				CLANG_WARN_INFINITE_RECURSION = YES;
				CLANG_WARN_INT_CONVERSION = YES;
				CLANG_WARN_NON_LITERAL_NULL_CONVERSION = YES;
				CLANG_WARN_OBJC_LITERAL_CONVERSION = YES;
				CLANG_WARN_OBJC_ROOT_CLASS = YES_ERROR;
				CLANG_WARN_RANGE_LOOP_ANALYSIS = YES;
				CLANG_WARN_STRICT_PROTOTYPES = YES;
				CLANG_WARN_SUSPICIOUS_MOVE = YES;
				CLANG_WARN_UNGUARDED_AVAILABILITY = YES_AGGRESSIVE;
				CLANG_WARN_UNREACHABLE_CODE = YES;
				CLANG_WARN__DUPLICATE_METHOD_MATCH = YES;
				CODE_SIGN_IDENTITY = "-";
				COPY_PHASE_STRIP = NO;
				DEBUG_INFORMATION_FORMAT = dwarf;
				ENABLE_STRICT_OBJC_MSGSEND = YES;
				ENABLE_TESTABILITY = YES;
				GCC_C_LANGUAGE_STANDARD = gnu11;
				GCC_DYNAMIC_NO_PIC = NO;
				GCC_NO_COMMON_BLOCKS = YES;
				GCC_OPTIMIZATION_LEVEL = 0;
				GCC_PREPROCESSOR_DEFINITIONS = (
					"DEBUG=1",
					"$(inherited)",
				);
				GCC_WARN_64_TO_32_BIT_CONVERSION = YES;
				GCC_WARN_ABOUT_RETURN_TYPE = YES_ERROR;
				GCC_WARN_UNDECLARED_SELECTOR = YES;
				GCC_WARN_UNINITIALIZED_AUTOS = YES_AGGRESSIVE;
				GCC_WARN_UNUSED_FUNCTION = YES;
				GCC_WARN_UNUSED_VARIABLE = YES;
				MACOSX_DEPLOYMENT_TARGET = 10.13;
				MTL_ENABLE_DEBUG_INFO = YES;
				ONLY_ACTIVE_ARCH = YES;
				SDKROOT = macosx;
			};
			name = Debug;
		};
		6070F10B1F9D1A8F000FCE51 /* Release */ = {
			isa = XCBuildConfiguration;
			buildSettings = {
				ALWAYS_SEARCH_USER_PATHS = NO;
				CLANG_ANALYZER_NONNULL = YES;
				CLANG_ANALYZER_NUMBER_OBJECT_CONVERSION = YES_AGGRESSIVE;
				CLANG_CXX_LANGUAGE_STANDARD = "gnu++14";
				CLANG_CXX_LIBRARY = "libc++";
				CLANG_ENABLE_MODULES = YES;
				CLANG_ENABLE_OBJC_ARC = YES;
				CLANG_WARN_BLOCK_CAPTURE_AUTORELEASING = YES;
				CLANG_WARN_BOOL_CONVERSION = YES;
				CLANG_WARN_COMMA = YES;
				CLANG_WARN_CONSTANT_CONVERSION = YES;
				CLANG_WARN_DIRECT_OBJC_ISA_USAGE = YES_ERROR;
				CLANG_WARN_DOCUMENTATION_COMMENTS = YES;
				CLANG_WARN_EMPTY_BODY = YES;
				CLANG_WARN_ENUM_CONVERSION = YES;
				CLANG_WARN_INFINITE_RECURSION = YES;
				CLANG_WARN_INT_CONVERSION = YES;
				CLANG_WARN_NON_LITERAL_NULL_CONVERSION = YES;
				CLANG_WARN_OBJC_LITERAL_CONVERSION = YES;
				CLANG_WARN_OBJC_ROOT_CLASS = YES_ERROR;
				CLANG_WARN_RANGE_LOOP_ANALYSIS = YES;
				CLANG_WARN_STRICT_PROTOTYPES = YES;
				CLANG_WARN_SUSPICIOUS_MOVE = YES;
				CLANG_WARN_UNGUARDED_AVAILABILITY = YES_AGGRESSIVE;
				CLANG_WARN_UNREACHABLE_CODE = YES;
				CLANG_WARN__DUPLICATE_METHOD_MATCH = YES;
				CODE_SIGN_IDENTITY = "-";
				COPY_PHASE_STRIP = NO;
				DEBUG_INFORMATION_FORMAT = "dwarf-with-dsym";
				ENABLE_NS_ASSERTIONS = NO;
				ENABLE_STRICT_OBJC_MSGSEND = YES;
				GCC_C_LANGUAGE_STANDARD = gnu11;
				GCC_NO_COMMON_BLOCKS = YES;
				GCC_WARN_64_TO_32_BIT_CONVERSION = YES;
				GCC_WARN_ABOUT_RETURN_TYPE = YES_ERROR;
				GCC_WARN_UNDECLARED_SELECTOR = YES;
				GCC_WARN_UNINITIALIZED_AUTOS = YES_AGGRESSIVE;
				GCC_WARN_UNUSED_FUNCTION = YES;
				GCC_WARN_UNUSED_VARIABLE = YES;
				MACOSX_DEPLOYMENT_TARGET = 10.13;
				MTL_ENABLE_DEBUG_INFO = NO;
				SDKROOT = macosx;
			};
			name = Release;
		};
		6070F10D1F9D1A8F000FCE51 /* Debug */ = {
			isa = XCBuildConfiguration;
			buildSettings = {
				CODE_SIGN_STYLE = Automatic;
				PRODUCT_NAME = "$(TARGET_NAME)";
			};
			name = Debug;
		};
		6070F10E1F9D1A8F000FCE51 /* Release */ = {
			isa = XCBuildConfiguration;
			buildSettings = {
				CODE_SIGN_STYLE = Automatic;
				PRODUCT_NAME = "$(TARGET_NAME)";
			};
			name = Release;
		};
/* End XCBuildConfiguration section */

/* Begin XCConfigurationList section */
		6070F1001F9D1A8F000FCE51 /* Build configuration list for PBXProject "IntroLabs" */ = {
			isa = XCConfigurationList;
			buildConfigurations = (
				6070F10A1F9D1A8F000FCE51 /* Debug */,
				6070F10B1F9D1A8F000FCE51 /* Release */,
			);
			defaultConfigurationIsVisible = 0;
			defaultConfigurationName = Release;
		};
		6070F10C1F9D1A8F000FCE51 /* Build configuration list for PBXNativeTarget "IntroLabs" */ = {
			isa = XCConfigurationList;
			buildConfigurations = (
				6070F10D1F9D1A8F000FCE51 /* Debug */,
				6070F10E1F9D1A8F000FCE51 /* Release */,
			);
			defaultConfigurationIsVisible = 0;
			defaultConfigurationName = Release;
		};
/* End XCConfigurationList section */
	};
	rootObject = 6070F0FD1F9D1A8F000FCE51 /* Project object */;
}
